
Microsoft Visual Studio Solution File, Format Version 12.00
# Visual Studio Version 17
VisualStudioVersion = 17.10.35013.160
MinimumVisualStudioVersion = 10.0.40219.1
Project("{9A19103F-16F7-4668-BE54-9A1E7A4F7556}") = "BulkyWeb", "BulkyWeb\BulkyWeb.csproj", "{123AF787-5DFA-4D18-9251-D6C35D23682D}"
EndProject
Project("{FAE04EC0-301F-11D3-BF4B-00C04F79EFBC}") = "Bulky.DataAccess", "Bulky.DataAccess\Bulky.DataAccess.csproj", "{432FEC53-943D-48FA-9C90-C69C51E7AEA4}"
EndProject
Project("{FAE04EC0-301F-11D3-BF4B-00C04F79EFBC}") = "Bulky.Models", "Bulky.Models\Bulky.Models.csproj", "{A36712E8-7002-47CC-8430-88BB30D518F4}"
EndProject
Project("{FAE04EC0-301F-11D3-BF4B-00C04F79EFBC}") = "Bulky.Utility", "Bulky.Utility\Bulky.Utility.csproj", "{C8116CD3-A49C-4A9D-ACC6-7665C27DE389}"
EndProject
Global
	GlobalSection(SolutionConfigurationPlatforms) = preSolution
		Debug|Any CPU = Debug|Any CPU
		Release|Any CPU = Release|Any CPU
	EndGlobalSection
	GlobalSection(ProjectConfigurationPlatforms) = postSolution
		{123AF787-5DFA-4D18-9251-D6C35D23682D}.Debug|Any CPU.ActiveCfg = Debug|Any CPU
		{123AF787-5DFA-4D18-9251-D6C35D23682D}.Debug|Any CPU.Build.0 = Debug|Any CPU
		{123AF787-5DFA-4D18-9251-D6C35D23682D}.Release|Any CPU.ActiveCfg = Release|Any CPU
		{123AF787-5DFA-4D18-9251-D6C35D23682D}.Release|Any CPU.Build.0 = Release|Any CPU
		{432FEC53-943D-48FA-9C90-C69C51E7AEA4}.Debug|Any CPU.ActiveCfg = Debug|Any CPU
		{432FEC53-943D-48FA-9C90-C69C51E7AEA4}.Debug|Any CPU.Build.0 = Debug|Any CPU
		{432FEC53-943D-48FA-9C90-C69C51E7AEA4}.Release|Any CPU.ActiveCfg = Release|Any CPU
		{432FEC53-943D-48FA-9C90-C69C51E7AEA4}.Release|Any CPU.Build.0 = Release|Any CPU
		{A36712E8-7002-47CC-8430-88BB30D518F4}.Debug|Any CPU.ActiveCfg = Debug|Any CPU
		{A36712E8-7002-47CC-8430-88BB30D518F4}.Debug|Any CPU.Build.0 = Debug|Any CPU
		{A36712E8-7002-47CC-8430-88BB30D518F4}.Release|Any CPU.ActiveCfg = Release|Any CPU
		{A36712E8-7002-47CC-8430-88BB30D518F4}.Release|Any CPU.Build.0 = Release|Any CPU
		{C8116CD3-A49C-4A9D-ACC6-7665C27DE389}.Debug|Any CPU.ActiveCfg = Debug|Any CPU
		{C8116CD3-A49C-4A9D-ACC6-7665C27DE389}.Debug|Any CPU.Build.0 = Debug|Any CPU
		{C8116CD3-A49C-4A9D-ACC6-7665C27DE389}.Release|Any CPU.ActiveCfg = Release|Any CPU
		{C8116CD3-A49C-4A9D-ACC6-7665C27DE389}.Release|Any CPU.Build.0 = Release|Any CPU
	EndGlobalSection
	GlobalSection(SolutionProperties) = preSolution
		HideSolutionNode = FALSE
	EndGlobalSection
	GlobalSection(ExtensibilityGlobals) = postSolution
		SolutionGuid = {50953C83-3E2C-4AC7-976C-539A87239DEF}
	EndGlobalSection
EndGlobal
